
Microsoft Visual Studio Solution File, Format Version 12.00
# Visual Studio 15
VisualStudioVersion = 15.0.27004.2002
MinimumVisualStudioVersion = 10.0.40219.1
Project("{FAE04EC0-301F-11D3-BF4B-00C04F79EFBC}") = "Realt", "Realt\Realt.csproj", "{04CF12A3-6491-4912-B2F9-A27AE59294C9}"
EndProject
Global
	GlobalSection(SolutionConfigurationPlatforms) = preSolution
		Debug|Any CPU = Debug|Any CPU
		Release|Any CPU = Release|Any CPU
	EndGlobalSection
	GlobalSection(ProjectConfigurationPlatforms) = postSolution
		{04CF12A3-6491-4912-B2F9-A27AE59294C9}.Debug|Any CPU.ActiveCfg = Debug|Any CPU
		{04CF12A3-6491-4912-B2F9-A27AE59294C9}.Debug|Any CPU.Build.0 = Debug|Any CPU
		{04CF12A3-6491-4912-B2F9-A27AE59294C9}.Release|Any CPU.ActiveCfg = Release|Any CPU
		{04CF12A3-6491-4912-B2F9-A27AE59294C9}.Release|Any CPU.Build.0 = Release|Any CPU
	EndGlobalSection
	GlobalSection(SolutionProperties) = preSolution
		HideSolutionNode = FALSE
	EndGlobalSection
	GlobalSection(ExtensibilityGlobals) = postSolution
		SolutionGuid = {248C4AB2-07D8-4553-939C-E9AEC833A39C}
	EndGlobalSection
EndGlobal
